// !$*UTF8*$!
{
	archiveVersion = 1;
	classes = {
	};
	objectVersion = 46;
	objects = {

/* Begin PBXBuildFile section */
		ECDF12CD1F039C7700C1E05E /* AppDelegate.swift in Sources */ = {isa = PBXBuildFile; fileRef = ECDF12CC1F039C7700C1E05E /* AppDelegate.swift */; };
		ECDF12CF1F039C7700C1E05E /* ViewController.swift in Sources */ = {isa = PBXBuildFile; fileRef = ECDF12CE1F039C7700C1E05E /* ViewController.swift */; };
		ECDF12D21F039C7700C1E05E /* Main.storyboard in Resources */ = {isa = PBXBuildFile; fileRef = ECDF12D01F039C7700C1E05E /* Main.storyboard */; };
		ECDF12D41F039C7700C1E05E /* Assets.xcassets in Resources */ = {isa = PBXBuildFile; fileRef = ECDF12D31F039C7700C1E05E /* Assets.xcassets */; };
		ECDF12D71F039C7700C1E05E /* LaunchScreen.storyboard in Resources */ = {isa = PBXBuildFile; fileRef = ECDF12D51F039C7700C1E05E /* LaunchScreen.storyboard */; };
		ECDF12E01F039D6700C1E05E /* MetricsController.swift in Sources */ = {isa = PBXBuildFile; fileRef = ECDF12DE1F039D6700C1E05E /* MetricsController.swift */; };
		ECDF12E11F039D6700C1E05E /* MetricsController.xib in Resources */ = {isa = PBXBuildFile; fileRef = ECDF12DF1F039D6700C1E05E /* MetricsController.xib */; };
		ECDF12E41F039D9100C1E05E /* BlockController.swift in Sources */ = {isa = PBXBuildFile; fileRef = ECDF12E21F039D9100C1E05E /* BlockController.swift */; };
		ECDF12E51F039D9100C1E05E /* BlockController.xib in Resources */ = {isa = PBXBuildFile; fileRef = ECDF12E31F039D9100C1E05E /* BlockController.xib */; };
		ECDF12E71F039DEF00C1E05E /* MetricsService.swift in Sources */ = {isa = PBXBuildFile; fileRef = ECDF12E61F039DEF00C1E05E /* MetricsService.swift */; };
		ECDF12E91F039EF800C1E05E /* Metric.swift in Sources */ = {isa = PBXBuildFile; fileRef = ECDF12E81F039EF800C1E05E /* Metric.swift */; };
		ECDF12EB1F03AAD200C1E05E /* BlockService.swift in Sources */ = {isa = PBXBuildFile; fileRef = ECDF12EA1F03AAD200C1E05E /* BlockService.swift */; };
		ECDF12ED1F03AAE300C1E05E /* Block.swift in Sources */ = {isa = PBXBuildFile; fileRef = ECDF12EC1F03AAE300C1E05E /* Block.swift */; };
/* End PBXBuildFile section */

/* Begin PBXFileReference section */
		ECDF12C91F039C7700C1E05E /* iLocksidian.app */ = {isa = PBXFileReference; explicitFileType = wrapper.application; includeInIndex = 0; path = iLocksidian.app; sourceTree = BUILT_PRODUCTS_DIR; };
		ECDF12CC1F039C7700C1E05E /* AppDelegate.swift */ = {isa = PBXFileReference; lastKnownFileType = sourcecode.swift; path = AppDelegate.swift; sourceTree = "<group>"; };
		ECDF12CE1F039C7700C1E05E /* ViewController.swift */ = {isa = PBXFileReference; lastKnownFileType = sourcecode.swift; path = ViewController.swift; sourceTree = "<group>"; };
		ECDF12D11F039C7700C1E05E /* Base */ = {isa = PBXFileReference; lastKnownFileType = file.storyboard; name = Base; path = Base.lproj/Main.storyboard; sourceTree = "<group>"; };
		ECDF12D31F039C7700C1E05E /* Assets.xcassets */ = {isa = PBXFileReference; lastKnownFileType = folder.assetcatalog; path = Assets.xcassets; sourceTree = "<group>"; };
		ECDF12D61F039C7700C1E05E /* Base */ = {isa = PBXFileReference; lastKnownFileType = file.storyboard; name = Base; path = Base.lproj/LaunchScreen.storyboard; sourceTree = "<group>"; };
		ECDF12D81F039C7700C1E05E /* Info.plist */ = {isa = PBXFileReference; lastKnownFileType = text.plist.xml; path = Info.plist; sourceTree = "<group>"; };
		ECDF12DE1F039D6700C1E05E /* MetricsController.swift */ = {isa = PBXFileReference; fileEncoding = 4; lastKnownFileType = sourcecode.swift; path = MetricsController.swift; sourceTree = "<group>"; };
		ECDF12DF1F039D6700C1E05E /* MetricsController.xib */ = {isa = PBXFileReference; fileEncoding = 4; lastKnownFileType = file.xib; path = MetricsController.xib; sourceTree = "<group>"; };
		ECDF12E21F039D9100C1E05E /* BlockController.swift */ = {isa = PBXFileReference; fileEncoding = 4; lastKnownFileType = sourcecode.swift; path = BlockController.swift; sourceTree = "<group>"; };
		ECDF12E31F039D9100C1E05E /* BlockController.xib */ = {isa = PBXFileReference; fileEncoding = 4; lastKnownFileType = file.xib; path = BlockController.xib; sourceTree = "<group>"; };
		ECDF12E61F039DEF00C1E05E /* MetricsService.swift */ = {isa = PBXFileReference; fileEncoding = 4; lastKnownFileType = sourcecode.swift; path = MetricsService.swift; sourceTree = "<group>"; };
		ECDF12E81F039EF800C1E05E /* Metric.swift */ = {isa = PBXFileReference; fileEncoding = 4; lastKnownFileType = sourcecode.swift; path = Metric.swift; sourceTree = "<group>"; };
		ECDF12EA1F03AAD200C1E05E /* BlockService.swift */ = {isa = PBXFileReference; fileEncoding = 4; lastKnownFileType = sourcecode.swift; path = BlockService.swift; sourceTree = "<group>"; };
		ECDF12EC1F03AAE300C1E05E /* Block.swift */ = {isa = PBXFileReference; fileEncoding = 4; lastKnownFileType = sourcecode.swift; path = Block.swift; sourceTree = "<group>"; };
/* End PBXFileReference section */

/* Begin PBXFrameworksBuildPhase section */
		ECDF12C61F039C7700C1E05E /* Frameworks */ = {
			isa = PBXFrameworksBuildPhase;
			buildActionMask = 2147483647;
			files = (
			);
			runOnlyForDeploymentPostprocessing = 0;
		};
/* End PBXFrameworksBuildPhase section */

/* Begin PBXGroup section */
		ECDF12C01F039C7700C1E05E = {
			isa = PBXGroup;
			children = (
				ECDF12CB1F039C7700C1E05E /* iLocksidian */,
				ECDF12CA1F039C7700C1E05E /* Products */,
			);
			sourceTree = "<group>";
		};
		ECDF12CA1F039C7700C1E05E /* Products */ = {
			isa = PBXGroup;
			children = (
				ECDF12C91F039C7700C1E05E /* iLocksidian.app */,
			);
			name = Products;
			sourceTree = "<group>";
		};
		ECDF12CB1F039C7700C1E05E /* iLocksidian */ = {
			isa = PBXGroup;
			children = (
				ECDF12CC1F039C7700C1E05E /* AppDelegate.swift */,
				ECDF12CE1F039C7700C1E05E /* ViewController.swift */,
				ECDF12D01F039C7700C1E05E /* Main.storyboard */,
				ECDF12D31F039C7700C1E05E /* Assets.xcassets */,
				ECDF12D51F039C7700C1E05E /* LaunchScreen.storyboard */,
				ECDF12D81F039C7700C1E05E /* Info.plist */,
				ECDF12DE1F039D6700C1E05E /* MetricsController.swift */,
				ECDF12DF1F039D6700C1E05E /* MetricsController.xib */,
				ECDF12E21F039D9100C1E05E /* BlockController.swift */,
				ECDF12E31F039D9100C1E05E /* BlockController.xib */,
				ECDF12E61F039DEF00C1E05E /* MetricsService.swift */,
				ECDF12E81F039EF800C1E05E /* Metric.swift */,
				ECDF12EA1F03AAD200C1E05E /* BlockService.swift */,
				ECDF12EC1F03AAE300C1E05E /* Block.swift */,
			);
			path = iLocksidian;
			sourceTree = "<group>";
		};
/* End PBXGroup section */

/* Begin PBXNativeTarget section */
		ECDF12C81F039C7700C1E05E /* iLocksidian */ = {
			isa = PBXNativeTarget;
			buildConfigurationList = ECDF12DB1F039C7700C1E05E /* Build configuration list for PBXNativeTarget "iLocksidian" */;
			buildPhases = (
				ECDF12C51F039C7700C1E05E /* Sources */,
				ECDF12C61F039C7700C1E05E /* Frameworks */,
				ECDF12C71F039C7700C1E05E /* Resources */,
			);
			buildRules = (
			);
			dependencies = (
			);
			name = iLocksidian;
			productName = iLocksidian;
			productReference = ECDF12C91F039C7700C1E05E /* iLocksidian.app */;
			productType = "com.apple.product-type.application";
		};
/* End PBXNativeTarget section */

/* Begin PBXProject section */
		ECDF12C11F039C7700C1E05E /* Project object */ = {
			isa = PBXProject;
			attributes = {
				LastSwiftUpdateCheck = 0830;
				LastUpgradeCheck = 0830;
				ORGANIZATIONNAME = fries.io;
				TargetAttributes = {
					ECDF12C81F039C7700C1E05E = {
						CreatedOnToolsVersion = 8.3.3;
						ProvisioningStyle = Automatic;
					};
				};
			};
			buildConfigurationList = ECDF12C41F039C7700C1E05E /* Build configuration list for PBXProject "iLocksidian" */;
			compatibilityVersion = "Xcode 3.2";
			developmentRegion = English;
			hasScannedForEncodings = 0;
			knownRegions = (
				en,
				Base,
			);
			mainGroup = ECDF12C01F039C7700C1E05E;
			productRefGroup = ECDF12CA1F039C7700C1E05E /* Products */;
			projectDirPath = "";
			projectRoot = "";
			targets = (
				ECDF12C81F039C7700C1E05E /* iLocksidian */,
			);
		};
/* End PBXProject section */

/* Begin PBXResourcesBuildPhase section */
		ECDF12C71F039C7700C1E05E /* Resources */ = {
			isa = PBXResourcesBuildPhase;
			buildActionMask = 2147483647;
			files = (
				ECDF12D71F039C7700C1E05E /* LaunchScreen.storyboard in Resources */,
				ECDF12E51F039D9100C1E05E /* BlockController.xib in Resources */,
				ECDF12E11F039D6700C1E05E /* MetricsController.xib in Resources */,
				ECDF12D41F039C7700C1E05E /* Assets.xcassets in Resources */,
				ECDF12D21F039C7700C1E05E /* Main.storyboard in Resources */,
			);
			runOnlyForDeploymentPostprocessing = 0;
		};
/* End PBXResourcesBuildPhase section */

/* Begin PBXSourcesBuildPhase section */
		ECDF12C51F039C7700C1E05E /* Sources */ = {
			isa = PBXSourcesBuildPhase;
			buildActionMask = 2147483647;
			files = (
				ECDF12E71F039DEF00C1E05E /* MetricsService.swift in Sources */,
				ECDF12ED1F03AAE300C1E05E /* Block.swift in Sources */,
				ECDF12E01F039D6700C1E05E /* MetricsController.swift in Sources */,
				ECDF12CF1F039C7700C1E05E /* ViewController.swift in Sources */,
				ECDF12E91F039EF800C1E05E /* Metric.swift in Sources */,
				ECDF12CD1F039C7700C1E05E /* AppDelegate.swift in Sources */,
				ECDF12E41F039D9100C1E05E /* BlockController.swift in Sources */,
				ECDF12EB1F03AAD200C1E05E /* BlockService.swift in Sources */,
			);
			runOnlyForDeploymentPostprocessing = 0;
		};
/* End PBXSourcesBuildPhase section */

/* Begin PBXVariantGroup section */
		ECDF12D01F039C7700C1E05E /* Main.storyboard */ = {
			isa = PBXVariantGroup;
			children = (
				ECDF12D11F039C7700C1E05E /* Base */,
			);
			name = Main.storyboard;
			sourceTree = "<group>";
		};
		ECDF12D51F039C7700C1E05E /* LaunchScreen.storyboard */ = {
			isa = PBXVariantGroup;
			children = (
				ECDF12D61F039C7700C1E05E /* Base */,
			);
			name = LaunchScreen.storyboard;
			sourceTree = "<group>";
		};
/* End PBXVariantGroup section */

/* Begin XCBuildConfiguration section */
		ECDF12D91F039C7700C1E05E /* Debug */ = {
			isa = XCBuildConfiguration;
			buildSettings = {
				ALWAYS_SEARCH_USER_PATHS = NO;
				CLANG_ANALYZER_NONNULL = YES;
				CLANG_ANALYZER_NUMBER_OBJECT_CONVERSION = YES_AGGRESSIVE;
				CLANG_CXX_LANGUAGE_STANDARD = "gnu++0x";
				CLANG_CXX_LIBRARY = "libc++";
				CLANG_ENABLE_MODULES = YES;
				CLANG_ENABLE_OBJC_ARC = YES;
				CLANG_WARN_BOOL_CONVERSION = YES;
				CLANG_WARN_CONSTANT_CONVERSION = YES;
				CLANG_WARN_DIRECT_OBJC_ISA_USAGE = YES_ERROR;
				CLANG_WARN_DOCUMENTATION_COMMENTS = YES;
				CLANG_WARN_EMPTY_BODY = YES;
				CLANG_WARN_ENUM_CONVERSION = YES;
				CLANG_WARN_INFINITE_RECURSION = YES;
				CLANG_WARN_INT_CONVERSION = YES;
				CLANG_WARN_OBJC_ROOT_CLASS = YES_ERROR;
				CLANG_WARN_SUSPICIOUS_MOVE = YES;
				CLANG_WARN_UNREACHABLE_CODE = YES;
				CLANG_WARN__DUPLICATE_METHOD_MATCH = YES;
				"CODE_SIGN_IDENTITY[sdk=iphoneos*]" = "iPhone Developer";
				COPY_PHASE_STRIP = NO;
				DEBUG_INFORMATION_FORMAT = dwarf;
				ENABLE_STRICT_OBJC_MSGSEND = YES;
				ENABLE_TESTABILITY = YES;
				GCC_C_LANGUAGE_STANDARD = gnu99;
				GCC_DYNAMIC_NO_PIC = NO;
				GCC_NO_COMMON_BLOCKS = YES;
				GCC_OPTIMIZATION_LEVEL = 0;
				GCC_PREPROCESSOR_DEFINITIONS = (
					"DEBUG=1",
					"$(inherited)",
				);
				GCC_WARN_64_TO_32_BIT_CONVERSION = YES;
				GCC_WARN_ABOUT_RETURN_TYPE = YES_ERROR;
				GCC_WARN_UNDECLARED_SELECTOR = YES;
				GCC_WARN_UNINITIALIZED_AUTOS = YES_AGGRESSIVE;
				GCC_WARN_UNUSED_FUNCTION = YES;
				GCC_WARN_UNUSED_VARIABLE = YES;
				IPHONEOS_DEPLOYMENT_TARGET = 10.3;
				MTL_ENABLE_DEBUG_INFO = YES;
				ONLY_ACTIVE_ARCH = YES;
				SDKROOT = iphoneos;
				SWIFT_ACTIVE_COMPILATION_CONDITIONS = DEBUG;
				SWIFT_OPTIMIZATION_LEVEL = "-Onone";
				TARGETED_DEVICE_FAMILY = "1,2";
			};
			name = Debug;
		};
		ECDF12DA1F039C7700C1E05E /* Release */ = {
			isa = XCBuildConfiguration;
			buildSettings = {
				ALWAYS_SEARCH_USER_PATHS = NO;
				CLANG_ANALYZER_NONNULL = YES;
				CLANG_ANALYZER_NUMBER_OBJECT_CONVERSION = YES_AGGRESSIVE;
				CLANG_CXX_LANGUAGE_STANDARD = "gnu++0x";
				CLANG_CXX_LIBRARY = "libc++";
				CLANG_ENABLE_MODULES = YES;
				CLANG_ENABLE_OBJC_ARC = YES;
				CLANG_WARN_BOOL_CONVERSION = YES;
				CLANG_WARN_CONSTANT_CONVERSION = YES;
				CLANG_WARN_DIRECT_OBJC_ISA_USAGE = YES_ERROR;
				CLANG_WARN_DOCUMENTATION_COMMENTS = YES;
				CLANG_WARN_EMPTY_BODY = YES;
				CLANG_WARN_ENUM_CONVERSION = YES;
				CLANG_WARN_INFINITE_RECURSION = YES;
				CLANG_WARN_INT_CONVERSION = YES;
				CLANG_WARN_OBJC_ROOT_CLASS = YES_ERROR;
				CLANG_WARN_SUSPICIOUS_MOVE = YES;
				CLANG_WARN_UNREACHABLE_CODE = YES;
				CLANG_WARN__DUPLICATE_METHOD_MATCH = YES;
				"CODE_SIGN_IDENTITY[sdk=iphoneos*]" = "iPhone Developer";
				COPY_PHASE_STRIP = NO;
				DEBUG_INFORMATION_FORMAT = "dwarf-with-dsym";
				ENABLE_NS_ASSERTIONS = NO;
				ENABLE_STRICT_OBJC_MSGSEND = YES;
				GCC_C_LANGUAGE_STANDARD = gnu99;
				GCC_NO_COMMON_BLOCKS = YES;
				GCC_WARN_64_TO_32_BIT_CONVERSION = YES;
				GCC_WARN_ABOUT_RETURN_TYPE = YES_ERROR;
				GCC_WARN_UNDECLARED_SELECTOR = YES;
				GCC_WARN_UNINITIALIZED_AUTOS = YES_AGGRESSIVE;
				GCC_WARN_UNUSED_FUNCTION = YES;
				GCC_WARN_UNUSED_VARIABLE = YES;
				IPHONEOS_DEPLOYMENT_TARGET = 10.3;
				MTL_ENABLE_DEBUG_INFO = NO;
				SDKROOT = iphoneos;
				SWIFT_OPTIMIZATION_LEVEL = "-Owholemodule";
				TARGETED_DEVICE_FAMILY = "1,2";
				VALIDATE_PRODUCT = YES;
			};
			name = Release;
		};
		ECDF12DC1F039C7700C1E05E /* Debug */ = {
			isa = XCBuildConfiguration;
			buildSettings = {
				ASSETCATALOG_COMPILER_APPICON_NAME = AppIcon;
				INFOPLIST_FILE = iLocksidian/Info.plist;
				LD_RUNPATH_SEARCH_PATHS = "$(inherited) @executable_path/Frameworks";
				PRODUCT_BUNDLE_IDENTIFIER = io.fries.iLocksidian;
				PRODUCT_NAME = "$(TARGET_NAME)";
				SWIFT_VERSION = 3.0;
			};
			name = Debug;
		};
		ECDF12DD1F039C7700C1E05E /* Release */ = {
			isa = XCBuildConfiguration;
			buildSettings = {
				ASSETCATALOG_COMPILER_APPICON_NAME = AppIcon;
				INFOPLIST_FILE = iLocksidian/Info.plist;
				LD_RUNPATH_SEARCH_PATHS = "$(inherited) @executable_path/Frameworks";
				PRODUCT_BUNDLE_IDENTIFIER = io.fries.iLocksidian;
				PRODUCT_NAME = "$(TARGET_NAME)";
				SWIFT_VERSION = 3.0;
			};
			name = Release;
		};
/* End XCBuildConfiguration section */

/* Begin XCConfigurationList section */
		ECDF12C41F039C7700C1E05E /* Build configuration list for PBXProject "iLocksidian" */ = {
			isa = XCConfigurationList;
			buildConfigurations = (
				ECDF12D91F039C7700C1E05E /* Debug */,
				ECDF12DA1F039C7700C1E05E /* Release */,
			);
			defaultConfigurationIsVisible = 0;
			defaultConfigurationName = Release;
		};
		ECDF12DB1F039C7700C1E05E /* Build configuration list for PBXNativeTarget "iLocksidian" */ = {
			isa = XCConfigurationList;
			buildConfigurations = (
				ECDF12DC1F039C7700C1E05E /* Debug */,
				ECDF12DD1F039C7700C1E05E /* Release */,
			);
			defaultConfigurationIsVisible = 0;
			defaultConfigurationName = Release;
		};
/* End XCConfigurationList section */
	};
	rootObject = ECDF12C11F039C7700C1E05E /* Project object */;
}
